
Microsoft Visual Studio Solution File, Format Version 12.00
# Visual Studio Version 16
VisualStudioVersion = 16.0.30001.183
MinimumVisualStudioVersion = 15.0.26124.0
Project("{9A19103F-16F7-4668-BE54-9A1E7A4F7556}") = "x10", "x10\x10.csproj", "{5C361373-63DE-4ECA-A7D9-EC57343C4954}"
EndProject
Project("{9A19103F-16F7-4668-BE54-9A1E7A4F7556}") = "x10-test", "x10-test\x10-test.csproj", "{591A42BE-D4C7-427E-94AD-2AF888AD5350}"
EndProject
Project("{FAE04EC0-301F-11D3-BF4B-00C04F79EFBC}") = "wpf_sample_net", "wpf_sample_net\wpf_sample_net.csproj", "{92AF9ED2-C212-4351-8D82-E3232B805A4A}"
EndProject
Project("{FAE04EC0-301F-11D3-BF4B-00C04F79EFBC}") = "wpf_lib", "wpf_lib\wpf_lib.csproj", "{4340A4C4-0CDF-482F-908A-F3E4E5F5D3D0}"
EndProject
Project("{FAE04EC0-301F-11D3-BF4B-00C04F79EFBC}") = "wpf_generated", "wpf_generated\wpf_generated.csproj", "{7FC3C268-A6CB-4C82-8D2A-7C67ADE8E61A}"
EndProject
Project("{2150E333-8FDC-42A3-9474-1A3956D46DE8}") = "top", "top", "{729FD1E4-959E-46CC-AA03-9565BE8AC67E}"
EndProject
Global
	GlobalSection(SolutionConfigurationPlatforms) = preSolution
		Debug|Any CPU = Debug|Any CPU
		Debug|x64 = Debug|x64
		Debug|x86 = Debug|x86
		Release|Any CPU = Release|Any CPU
		Release|x64 = Release|x64
		Release|x86 = Release|x86
	EndGlobalSection
	GlobalSection(ProjectConfigurationPlatforms) = postSolution
		{5C361373-63DE-4ECA-A7D9-EC57343C4954}.Debug|Any CPU.ActiveCfg = Debug|Any CPU
		{5C361373-63DE-4ECA-A7D9-EC57343C4954}.Debug|Any CPU.Build.0 = Debug|Any CPU
		{5C361373-63DE-4ECA-A7D9-EC57343C4954}.Debug|x64.ActiveCfg = Debug|Any CPU
		{5C361373-63DE-4ECA-A7D9-EC57343C4954}.Debug|x64.Build.0 = Debug|Any CPU
		{5C361373-63DE-4ECA-A7D9-EC57343C4954}.Debug|x86.ActiveCfg = Debug|Any CPU
		{5C361373-63DE-4ECA-A7D9-EC57343C4954}.Debug|x86.Build.0 = Debug|Any CPU
		{5C361373-63DE-4ECA-A7D9-EC57343C4954}.Release|Any CPU.ActiveCfg = Release|Any CPU
		{5C361373-63DE-4ECA-A7D9-EC57343C4954}.Release|Any CPU.Build.0 = Release|Any CPU
		{5C361373-63DE-4ECA-A7D9-EC57343C4954}.Release|x64.ActiveCfg = Release|Any CPU
		{5C361373-63DE-4ECA-A7D9-EC57343C4954}.Release|x64.Build.0 = Release|Any CPU
		{5C361373-63DE-4ECA-A7D9-EC57343C4954}.Release|x86.ActiveCfg = Release|Any CPU
		{5C361373-63DE-4ECA-A7D9-EC57343C4954}.Release|x86.Build.0 = Release|Any CPU
		{591A42BE-D4C7-427E-94AD-2AF888AD5350}.Debug|Any CPU.ActiveCfg = Debug|Any CPU
		{591A42BE-D4C7-427E-94AD-2AF888AD5350}.Debug|Any CPU.Build.0 = Debug|Any CPU
		{591A42BE-D4C7-427E-94AD-2AF888AD5350}.Debug|x64.ActiveCfg = Debug|Any CPU
		{591A42BE-D4C7-427E-94AD-2AF888AD5350}.Debug|x64.Build.0 = Debug|Any CPU
		{591A42BE-D4C7-427E-94AD-2AF888AD5350}.Debug|x86.ActiveCfg = Debug|Any CPU
		{591A42BE-D4C7-427E-94AD-2AF888AD5350}.Debug|x86.Build.0 = Debug|Any CPU
		{591A42BE-D4C7-427E-94AD-2AF888AD5350}.Release|Any CPU.ActiveCfg = Release|Any CPU
		{591A42BE-D4C7-427E-94AD-2AF888AD5350}.Release|Any CPU.Build.0 = Release|Any CPU
		{591A42BE-D4C7-427E-94AD-2AF888AD5350}.Release|x64.ActiveCfg = Release|Any CPU
		{591A42BE-D4C7-427E-94AD-2AF888AD5350}.Release|x64.Build.0 = Release|Any CPU
		{591A42BE-D4C7-427E-94AD-2AF888AD5350}.Release|x86.ActiveCfg = Release|Any CPU
		{591A42BE-D4C7-427E-94AD-2AF888AD5350}.Release|x86.Build.0 = Release|Any CPU
		{92AF9ED2-C212-4351-8D82-E3232B805A4A}.Debug|Any CPU.ActiveCfg = Debug|Any CPU
		{92AF9ED2-C212-4351-8D82-E3232B805A4A}.Debug|Any CPU.Build.0 = Debug|Any CPU
		{92AF9ED2-C212-4351-8D82-E3232B805A4A}.Debug|x64.ActiveCfg = Debug|Any CPU
		{92AF9ED2-C212-4351-8D82-E3232B805A4A}.Debug|x64.Build.0 = Debug|Any CPU
		{92AF9ED2-C212-4351-8D82-E3232B805A4A}.Debug|x86.ActiveCfg = Debug|Any CPU
		{92AF9ED2-C212-4351-8D82-E3232B805A4A}.Debug|x86.Build.0 = Debug|Any CPU
		{92AF9ED2-C212-4351-8D82-E3232B805A4A}.Release|Any CPU.ActiveCfg = Release|Any CPU
		{92AF9ED2-C212-4351-8D82-E3232B805A4A}.Release|Any CPU.Build.0 = Release|Any CPU
		{92AF9ED2-C212-4351-8D82-E3232B805A4A}.Release|x64.ActiveCfg = Release|Any CPU
		{92AF9ED2-C212-4351-8D82-E3232B805A4A}.Release|x64.Build.0 = Release|Any CPU
		{92AF9ED2-C212-4351-8D82-E3232B805A4A}.Release|x86.ActiveCfg = Release|Any CPU
		{92AF9ED2-C212-4351-8D82-E3232B805A4A}.Release|x86.Build.0 = Release|Any CPU
		{4340A4C4-0CDF-482F-908A-F3E4E5F5D3D0}.Debug|Any CPU.ActiveCfg = Debug|Any CPU
		{4340A4C4-0CDF-482F-908A-F3E4E5F5D3D0}.Debug|Any CPU.Build.0 = Debug|Any CPU
		{4340A4C4-0CDF-482F-908A-F3E4E5F5D3D0}.Debug|x64.ActiveCfg = Debug|Any CPU
		{4340A4C4-0CDF-482F-908A-F3E4E5F5D3D0}.Debug|x64.Build.0 = Debug|Any CPU
		{4340A4C4-0CDF-482F-908A-F3E4E5F5D3D0}.Debug|x86.ActiveCfg = Debug|Any CPU
		{4340A4C4-0CDF-482F-908A-F3E4E5F5D3D0}.Debug|x86.Build.0 = Debug|Any CPU
		{4340A4C4-0CDF-482F-908A-F3E4E5F5D3D0}.Release|Any CPU.ActiveCfg = Release|Any CPU
		{4340A4C4-0CDF-482F-908A-F3E4E5F5D3D0}.Release|Any CPU.Build.0 = Release|Any CPU
		{4340A4C4-0CDF-482F-908A-F3E4E5F5D3D0}.Release|x64.ActiveCfg = Release|Any CPU
		{4340A4C4-0CDF-482F-908A-F3E4E5F5D3D0}.Release|x64.Build.0 = Release|Any CPU
		{4340A4C4-0CDF-482F-908A-F3E4E5F5D3D0}.Release|x86.ActiveCfg = Release|Any CPU
		{4340A4C4-0CDF-482F-908A-F3E4E5F5D3D0}.Release|x86.Build.0 = Release|Any CPU
		{7FC3C268-A6CB-4C82-8D2A-7C67ADE8E61A}.Debug|Any CPU.ActiveCfg = Debug|Any CPU
		{7FC3C268-A6CB-4C82-8D2A-7C67ADE8E61A}.Debug|Any CPU.Build.0 = Debug|Any CPU
		{7FC3C268-A6CB-4C82-8D2A-7C67ADE8E61A}.Debug|x64.ActiveCfg = Debug|Any CPU
		{7FC3C268-A6CB-4C82-8D2A-7C67ADE8E61A}.Debug|x64.Build.0 = Debug|Any CPU
		{7FC3C268-A6CB-4C82-8D2A-7C67ADE8E61A}.Debug|x86.ActiveCfg = Debug|Any CPU
		{7FC3C268-A6CB-4C82-8D2A-7C67ADE8E61A}.Debug|x86.Build.0 = Debug|Any CPU
		{7FC3C268-A6CB-4C82-8D2A-7C67ADE8E61A}.Release|Any CPU.ActiveCfg = Release|Any CPU
		{7FC3C268-A6CB-4C82-8D2A-7C67ADE8E61A}.Release|Any CPU.Build.0 = Release|Any CPU
		{7FC3C268-A6CB-4C82-8D2A-7C67ADE8E61A}.Release|x64.ActiveCfg = Release|Any CPU
		{7FC3C268-A6CB-4C82-8D2A-7C67ADE8E61A}.Release|x64.Build.0 = Release|Any CPU
		{7FC3C268-A6CB-4C82-8D2A-7C67ADE8E61A}.Release|x86.ActiveCfg = Release|Any CPU
		{7FC3C268-A6CB-4C82-8D2A-7C67ADE8E61A}.Release|x86.Build.0 = Release|Any CPU
	EndGlobalSection
	GlobalSection(SolutionProperties) = preSolution
		HideSolutionNode = FALSE
	EndGlobalSection
	GlobalSection(ExtensibilityGlobals) = postSolution
		SolutionGuid = {203CF91E-5B63-4D26-8E60-35DCD10EF8EB}
	EndGlobalSection
EndGlobal
